{
  "name": "dsh-max-token-auto-continue",
  "version": "0.1.0",
  "lockfileVersion": 3,
  "requires": true,
  "packages": {
    "": {
      "name": "dsh-max-token-auto-continue",
      "version": "0.1.0",
      "license": "MIT",
      "dependencies": {
        "@deepseek-ai/schemastery": "^3.18.2"
      },
      "devDependencies": {
        "@deepseek-ai/cordis": "4.0.5-alpha.1",
        "@deepseek-ai/dsh-agent": "0.2.1-alpha.2",
        "@deepseek-ai/dsh-goal": "0.2.1-alpha.2",
        "@deepseek-ai/dsh-llm": "0.2.1-alpha.2",
        "@deepseek-ai/dsh-session": "0.2.1-alpha.2",
        "@types/node": "^24.0.0",
        "typescript": "^5.5.0"
      },
      "peerDependencies": {
        "@deepseek-ai/cordis": "^4.0.2 || 4.0.5-alpha.1",
        "@deepseek-ai/dsh-agent": "0.1.6-alpha.2 || 0.1.7-alpha.2 || 0.1.7-rc.1 || 0.1.7-rc.2 || 0.2.0-rc.1 || 0.2.0-rc.2 || 0.2.1-alpha.1 || 0.2.1-alpha.2",
        "@deepseek-ai/dsh-goal": "0.1.6-alpha.2 || 0.1.7-alpha.2 || 0.1.7-rc.1 || 0.1.7-rc.2 || 0.2.0-rc.1 || 0.2.0-rc.2 || 0.2.1-alpha.1 || 0.2.1-alpha.2",
        "@deepseek-ai/dsh-llm": "0.1.6-alpha.2 || 0.1.7-alpha.2 || 0.1.7-rc.1 || 0.1.7-rc.2 || 0.2.0-rc.1 || 0.2.0-rc.2 || 0.2.1-alpha.1 || 0.2.1-alpha.2",
        "@deepseek-ai/dsh-session": "0.1.6-alpha.2 || 0.1.7-alpha.2 || 0.1.7-rc.1 || 0.1.7-rc.2 || 0.2.0-rc.1 || 0.2.0-rc.2 || 0.2.1-alpha.1 || 0.2.1-alpha.2"
      }
    },
    "node_modules/@deepseek-ai/cordis": {
      "version": "4.0.5-alpha.1",
      "resolved": "https://registry.npmjs.org/@deepseek-ai/cordis/-/cordis-4.0.5-alpha.1.tgz",
      "integrity": "sha512-I0akiPAK9EEWO+GMAO0YGbn3/rzg/yopaxohBaG9JHM8dDzGaCZNp3mehjeC66IQL0AyTyDwvgv7v1aB+eMnKQ==",
      "dev": true,
      "license": "MIT",
      "dependencies": {
        "@deepseek-ai/cosmokit": "~1.8.6-alpha.1",
        "@standard-schema/spec": "^1.1.0"
      },
      "bin": {
        "cordis": "bin.js"
      },
      "peerDependencies": {
        "@deepseek-ai/cordis-plugin-include": "~1.0.10-alpha.1",
        "@deepseek-ai/cordis-plugin-loader": "~1.0.6-alpha.1"
      },
      "peerDependenciesMeta": {
        "@deepseek-ai/cordis-plugin-include": {
          "optional": true
        },
        "@deepseek-ai/cordis-plugin-loader": {
          "optional": true
        }
      }
    },
    "node_modules/@deepseek-ai/cordis/node_modules/@deepseek-ai/cosmokit": {
      "version": "1.8.6-alpha.1",
      "resolved": "https://registry.npmjs.org/@deepseek-ai/cosmokit/-/cosmokit-1.8.6-alpha.1.tgz",
      "integrity": "sha512-qtuYVBRu7VrD1jLHvaM5sSShtBVgff/0R5vx57fsHUeeobvvv5TmtnTrs0+h4H263kF3ie25VO70Ija8R1eaow==",
      "dev": true,
      "license": "MIT"
    },
    "node_modules/@deepseek-ai/cosmokit": {
      "version": "1.8.5",
      "resolved": "https://registry.npmjs.org/@deepseek-ai/cosmokit/-/cosmokit-1.8.5.tgz",
      "integrity": "sha512-LXsrlem9z8dq4sLflj2yuCuYX7KqhdzF5hZly3eZyuTo8d6oDSOXuEgC5DbQWKW+lksm6zmOutQLsP/ma6wR6A==",
      "license": "MIT"
    },
    "node_modules/@deepseek-ai/dsh-agent": {
      "version": "0.2.1-alpha.2",
      "resolved": "https://registry.npmjs.org/@deepseek-ai/dsh-agent/-/dsh-agent-0.2.1-alpha.2.tgz",
      "integrity": "sha512-G/gqW6Y2Qki+MLUVk22+ni6rwyjkCI6tpzF7EoyTdckrk9C7sjQMrnBh0hbA65sES0DNygxLHfzEQiZjpuWIDA==",
      "dev": true,
      "license": "MIT",
      "peerDependencies": {
        "@deepseek-ai/cordis": "~4.0.5-alpha.1",
        "@deepseek-ai/dsh-llm": "0.2.1-alpha.2",
        "@deepseek-ai/dsh-scope": "0.2.1-alpha.2",
        "@deepseek-ai/dsh-session": "0.2.1-alpha.2",
        "@deepseek-ai/dsh-session-projection": "0.2.1-alpha.2",
        "@deepseek-ai/dsh-system-prompt": "0.2.1-alpha.2",
        "@deepseek-ai/dsh-typert-protocol": "0.2.1-alpha.2",
        "@deepseek-ai/dsh-util-values": "0.2.1-alpha.2",
        "@deepseek-ai/dsh-workspace": "0.2.1-alpha.2"
      },
      "peerDependenciesMeta": {
        "@deepseek-ai/dsh-workspace": {
          "optional": true
        }
      }
    },
    "node_modules/@deepseek-ai/dsh-brand": {
      "version": "0.2.1-alpha.2",
      "resolved": "https://registry.npmjs.org/@deepseek-ai/dsh-brand/-/dsh-brand-0.2.1-alpha.2.tgz",
      "integrity": "sha512-2cpJzyu0IbyRXwZMBSEy+tWxj1OvhgiQwSTY1GlhEcPi+VF0nvT2pJIa/i43kH+0hs48r4tFX/v/tczK6d//Hg==",
      "dev": true,
      "license": "MIT",
      "peerDependencies": {
        "@deepseek-ai/cordis": "~4.0.5-alpha.1"
      }
    },
    "node_modules/@deepseek-ai/dsh-goal": {
      "version": "0.2.1-alpha.2",
      "resolved": "https://registry.npmjs.org/@deepseek-ai/dsh-goal/-/dsh-goal-0.2.1-alpha.2.tgz",
      "integrity": "sha512-jv9VPirDiX7F3FPsa4O0CH7ygO5Hftu8AJ4C/Meco6FMEFkjb1yDSVxCdAZCSGOdbmqLnqR7rLOZP+hLTIbf2g==",
      "dev": true,
      "license": "MIT",
      "dependencies": {
        "@deepseek-ai/schemastery": "~3.18.5-alpha.1",
        "zod": "^4.4.3"
      },
      "peerDependencies": {
        "@deepseek-ai/cordis": "~4.0.5-alpha.1",
        "@deepseek-ai/dsh-agent": "0.2.1-alpha.2",
        "@deepseek-ai/dsh-brand": "0.2.1-alpha.2",
        "@deepseek-ai/dsh-llm": "0.2.1-alpha.2",
        "@deepseek-ai/dsh-scope": "0.2.1-alpha.2",
        "@deepseek-ai/dsh-session": "0.2.1-alpha.2",
        "@deepseek-ai/dsh-session-projection": "0.2.1-alpha.2",
        "@deepseek-ai/dsh-typert-protocol": "0.2.1-alpha.2"
      }
    },
    "node_modules/@deepseek-ai/dsh-goal/node_modules/@deepseek-ai/cosmokit": {
      "version": "1.8.6-alpha.1",
      "resolved": "https://registry.npmjs.org/@deepseek-ai/cosmokit/-/cosmokit-1.8.6-alpha.1.tgz",
      "integrity": "sha512-qtuYVBRu7VrD1jLHvaM5sSShtBVgff/0R5vx57fsHUeeobvvv5TmtnTrs0+h4H263kF3ie25VO70Ija8R1eaow==",
      "dev": true,
      "license": "MIT"
    },
    "node_modules/@deepseek-ai/dsh-goal/node_modules/@deepseek-ai/schemastery": {
      "version": "3.18.5-alpha.1",
      "resolved": "https://registry.npmjs.org/@deepseek-ai/schemastery/-/schemastery-3.18.5-alpha.1.tgz",
      "integrity": "sha512-HojoBv1wMQn6N8nDgTgWbc/f4EFAlg/ZsIYN2AChnEDoFOmcWd3+MDzhozNffmywywzV7pcouHRR4x37YZfcjA==",
      "dev": true,
      "license": "MIT",
      "dependencies": {
        "@deepseek-ai/cosmokit": "~1.8.6-alpha.1",
        "@standard-schema/spec": "^1.1.0"
      }
    },
    "node_modules/@deepseek-ai/dsh-llm": {
      "version": "0.2.1-alpha.2",
      "resolved": "https://registry.npmjs.org/@deepseek-ai/dsh-llm/-/dsh-llm-0.2.1-alpha.2.tgz",
      "integrity": "sha512-+pUKWsWBZorW3nQLGAC2qEQudFOscKINR0njoPhhFhJsVPuAqLUYF3bf6G4evbMKUF1+Uw901CFHOfwLluljNQ==",
      "dev": true,
      "license": "MIT",
      "dependencies": {
        "@deepseek-ai/dsh-brand": "0.2.1-alpha.2",
        "@deepseek-ai/dsh-timeout": "0.2.1-alpha.2",
        "@deepseek-ai/dsh-typert-protocol": "0.2.1-alpha.2",
        "@deepseek-ai/dsh-util-crypto": "0.2.1-alpha.2",
        "@deepseek-ai/dsh-util-values": "0.2.1-alpha.2",
        "@deepseek-ai/schemastery": "~3.18.5-alpha.1",
        "zod": "^4.4.3"
      },
      "peerDependencies": {
        "@deepseek-ai/cordis": "~4.0.5-alpha.1"
      }
    },
    "node_modules/@deepseek-ai/dsh-llm/node_modules/@deepseek-ai/cosmokit": {
      "version": "1.8.6-alpha.1",
      "resolved": "https://registry.npmjs.org/@deepseek-ai/cosmokit/-/cosmokit-1.8.6-alpha.1.tgz",
      "integrity": "sha512-qtuYVBRu7VrD1jLHvaM5sSShtBVgff/0R5vx57fsHUeeobvvv5TmtnTrs0+h4H263kF3ie25VO70Ija8R1eaow==",
      "dev": true,
      "license": "MIT"
    },
    "node_modules/@deepseek-ai/dsh-llm/node_modules/@deepseek-ai/schemastery": {
      "version": "3.18.5-alpha.1",
      "resolved": "https://registry.npmjs.org/@deepseek-ai/schemastery/-/schemastery-3.18.5-alpha.1.tgz",
      "integrity": "sha512-HojoBv1wMQn6N8nDgTgWbc/f4EFAlg/ZsIYN2AChnEDoFOmcWd3+MDzhozNffmywywzV7pcouHRR4x37YZfcjA==",
      "dev": true,
      "license": "MIT",
      "dependencies": {
        "@deepseek-ai/cosmokit": "~1.8.6-alpha.1",
        "@standard-schema/spec": "^1.1.0"
      }
    },
    "node_modules/@deepseek-ai/dsh-session": {
      "version": "0.2.1-alpha.2",
      "resolved": "https://registry.npmjs.org/@deepseek-ai/dsh-session/-/dsh-session-0.2.1-alpha.2.tgz",
      "integrity": "sha512-xINgQ8XFC40aLxPLBMxAMl3ZkY8NlkasVVrnIio94hZYX+dqw7N63y53vqLU69WKTPEFJ11GdCJq4Yx5Tr2HFA==",
      "dev": true,
      "license": "MIT",
      "dependencies": {
        "@deepseek-ai/dsh-brand": "0.2.1-alpha.2",
        "@deepseek-ai/dsh-llm": "0.2.1-alpha.2",
        "@deepseek-ai/dsh-util-values": "0.2.1-alpha.2"
      },
      "peerDependencies": {
        "@deepseek-ai/cordis": "~4.0.5-alpha.1",
        "@deepseek-ai/dsh-scope": "0.2.1-alpha.2"
      }
    },
    "node_modules/@deepseek-ai/dsh-timeout": {
      "version": "0.2.1-alpha.2",
      "resolved": "https://registry.npmjs.org/@deepseek-ai/dsh-timeout/-/dsh-timeout-0.2.1-alpha.2.tgz",
      "integrity": "sha512-hgII55C+B2MWnMwP8Nv1BTCh+RbNP14EhzwMfOiwBWK08PdVHi2gdB7ZtbRprps5s2fO2gVXaclgXpnLX05hgw==",
      "dev": true,
      "license": "MIT",
      "peerDependencies": {
        "@deepseek-ai/cordis": "~4.0.5-alpha.1"
      }
    },
    "node_modules/@deepseek-ai/dsh-typert-protocol": {
      "version": "0.2.1-alpha.2",
      "resolved": "https://registry.npmjs.org/@deepseek-ai/dsh-typert-protocol/-/dsh-typert-protocol-0.2.1-alpha.2.tgz",
      "integrity": "sha512-L/f22tnjV9LXFOf8CaX5XmEyKXR18oRKP2X3qb/I7NrAxk5uwKZcLHCFU/LXECVXrkm/Q0MPp5iNiREG1rLfzQ==",
      "dev": true,
      "license": "MIT",
      "dependencies": {
        "@deepseek-ai/dsh-brand": "0.2.1-alpha.2"
      },
      "peerDependencies": {
        "@deepseek-ai/cordis": "~4.0.5-alpha.1"
      }
    },
    "node_modules/@deepseek-ai/dsh-util-crypto": {
      "version": "0.2.1-alpha.2",
      "resolved": "https://registry.npmjs.org/@deepseek-ai/dsh-util-crypto/-/dsh-util-crypto-0.2.1-alpha.2.tgz",
      "integrity": "sha512-Hrm2c1H5ZOGBfviHPSEfPOg+FqagqH7PwGLoB/PVWZztQ2otw31NarPgrzSXO4cVY5fUmuoK8lsMRmgnQzs0FA==",
      "dev": true,
      "license": "MIT",
      "peerDependencies": {
        "@deepseek-ai/cordis": "~4.0.5-alpha.1"
      }
    },
    "node_modules/@deepseek-ai/dsh-util-values": {
      "version": "0.2.1-alpha.2",
      "resolved": "https://registry.npmjs.org/@deepseek-ai/dsh-util-values/-/dsh-util-values-0.2.1-alpha.2.tgz",
      "integrity": "sha512-0MoZ0C8rXC+2PyxJER6ZSRfkU21/HbX4Z5oCcdC3b151epcBYQVlP/o8vjqePQAJCZwTrWAEknnJHRMWbVlh0A==",
      "dev": true,
      "license": "MIT",
      "peerDependencies": {
        "@deepseek-ai/cordis": "~4.0.5-alpha.1"
      }
    },
    "node_modules/@deepseek-ai/schemastery": {
      "version": "3.18.4",
      "resolved": "https://registry.npmjs.org/@deepseek-ai/schemastery/-/schemastery-3.18.4.tgz",
      "integrity": "sha512-SSXO6tYuyrIqKVbmOnIq0s+riUywYzouFMcnBluHF9n4KMo2G8HvEzhCYj6pj2617/glOjbJuVInJ9hfONsjkg==",
      "license": "MIT",
      "dependencies": {
        "@deepseek-ai/cosmokit": "~1.8.5",
        "@standard-schema/spec": "^1.1.0"
      }
    },
    "node_modules/@standard-schema/spec": {
      "version": "1.1.0",
      "resolved": "https://registry.npmjs.org/@standard-schema/spec/-/spec-1.1.0.tgz",
      "integrity": "sha512-l2aFy5jALhniG5HgqrD6jXLi/rUWrKvqN/qJx6yoJsgKhblVd+iqqU4RCXavm/jPityDo5TCvKMnpjKnOriy0w==",
      "license": "MIT"
    },
    "node_modules/@types/node": {
      "version": "24.13.6",
      "resolved": "https://registry.npmjs.org/@types/node/-/node-24.13.6.tgz",
      "integrity": "sha512-SGrw/h3KPFshy3OE6ZL53LMBG5vGQQ8/gIpiqz/kRZhPJ7HgwCEs8LBuNtWLa8dvGZVpSF7+Bf+c11HUrCb/yg==",
      "dev": true,
      "license": "MIT",
      "dependencies": {
        "undici-types": "~7.18.0"
      }
    },
    "node_modules/typescript": {
      "version": "5.9.3",
      "resolved": "https://registry.npmjs.org/typescript/-/typescript-5.9.3.tgz",
      "integrity": "sha512-jl1vZzPDinLr9eUt3J/t7V6FgNEw9QjvBPdysz9KfQDD41fQrC2Y4vKQdiaUpFT4bXlb1RHhLpp8wtm6M5TgSw==",
      "dev": true,
      "license": "Apache-2.0",
      "bin": {
        "tsc": "bin/tsc",
        "tsserver": "bin/tsserver"
      },
      "engines": {
        "node": ">=14.17"
      }
    },
    "node_modules/undici-types": {
      "version": "7.18.2",
      "resolved": "https://registry.npmjs.org/undici-types/-/undici-types-7.18.2.tgz",
      "integrity": "sha512-AsuCzffGHJybSaRrmr5eHr81mwJU3kjw6M+uprWvCXiNeN9SOGwQ3Jn8jb8m3Z6izVgknn1R0FTCEAP2QrLY/w==",
      "dev": true,
      "license": "MIT"
    },
    "node_modules/zod": {
      "version": "4.6.5",
      "resolved": "https://registry.npmjs.org/zod/-/zod-4.6.5.tgz",
      "integrity": "sha512-v5l/aFXZQeai4awLbOpSoHecE9UiMrnfx75tEXLjNonXVARxQ5mOeipTjROUchszUNCqnE+hqAMujRsRHsut2Q==",
      "dev": true,
      "license": "MIT",
      "funding": {
        "url": "https://github.com/sponsors/colinhacks"
      }
    }
  }
}
